
Microsoft Visual Studio Solution File, Format Version 12.00
# Visual Studio Version 16
VisualStudioVersion = 16.0.30320.27
MinimumVisualStudioVersion = 10.0.40219.1
Project("{FAE04EC0-301F-11D3-BF4B-00C04F79EFBC}") = "Atomus.Control.Dictionary.WindowsControl(dotNet)", "dotNet\Atomus.Control.Dictionary.WindowsControl(dotNet).csproj", "{B95ADE5B-7B84-4E22-862C-8AEC45481573}"
EndProject
Global
	GlobalSection(SolutionConfigurationPlatforms) = preSolution
		Debug|Any CPU = Debug|Any CPU
		Release|Any CPU = Release|Any CPU
	EndGlobalSection
	GlobalSection(ProjectConfigurationPlatforms) = postSolution
		{B95ADE5B-7B84-4E22-862C-8AEC45481573}.Debug|Any CPU.ActiveCfg = Debug|Any CPU
		{B95ADE5B-7B84-4E22-862C-8AEC45481573}.Debug|Any CPU.Build.0 = Debug|Any CPU
		{B95ADE5B-7B84-4E22-862C-8AEC45481573}.Release|Any CPU.ActiveCfg = Release|Any CPU
		{B95ADE5B-7B84-4E22-862C-8AEC45481573}.Release|Any CPU.Build.0 = Release|Any CPU
	EndGlobalSection
	GlobalSection(SolutionProperties) = preSolution
		HideSolutionNode = FALSE
	EndGlobalSection
	GlobalSection(ExtensibilityGlobals) = postSolution
		SolutionGuid = {477E690E-3C22-4D5A-9E9F-435616255A2F}
	EndGlobalSection
EndGlobal
